
Microsoft Visual Studio Solution File, Format Version 12.00
# Visual Studio Version 17
VisualStudioVersion = 17.14.36127.28 d17.14
MinimumVisualStudioVersion = 10.0.40219.1
Project("{FAE04EC0-301F-11D3-BF4B-00C04F79EFBC}") = "SostClub", "SostClub\SostClub.csproj", "{901E10D8-B059-4B09-A9C8-7C54013CB5A9}"
EndProject
Global
	GlobalSection(SolutionConfigurationPlatforms) = preSolution
		Debug|Any CPU = Debug|Any CPU
		Release|Any CPU = Release|Any CPU
	EndGlobalSection
	GlobalSection(ProjectConfigurationPlatforms) = postSolution
		{901E10D8-B059-4B09-A9C8-7C54013CB5A9}.Debug|Any CPU.ActiveCfg = Debug|Any CPU
		{901E10D8-B059-4B09-A9C8-7C54013CB5A9}.Debug|Any CPU.Build.0 = Debug|Any CPU
		{901E10D8-B059-4B09-A9C8-7C54013CB5A9}.Release|Any CPU.ActiveCfg = Release|Any CPU
		{901E10D8-B059-4B09-A9C8-7C54013CB5A9}.Release|Any CPU.Build.0 = Release|Any CPU
	EndGlobalSection
	GlobalSection(SolutionProperties) = preSolution
		HideSolutionNode = FALSE
	EndGlobalSection
	GlobalSection(ExtensibilityGlobals) = postSolution
		SolutionGuid = {40208E0C-A501-42CB-8D12-9350EF82DD5F}
	EndGlobalSection
EndGlobal
